dependencies:
  espressif/esp-dsp:
    dependencies: []
    source:
      path: C:\Users\m3lan\OneDrive\Desktop\CapstoneI_SDACS\ESP-IDF\firmware\mic_test\components\espressif__esp-dsp
      type: local
    version: 1.7.1
  idf:
    source:
      type: idf
    version: 5.3.1
direct_dependencies:
- espressif/esp-dsp
- idf
manifest_hash: 65ffa32c9d31a3caa7a8de77c378e88e7cca591e26347cf7c4b7bccbd1539e44
target: esp32s3
version: 2.0.0
